// !$*UTF8*$!
{
	archiveVersion = 1;
	classes = {
	};
	objectVersion = 50;
	objects = {

/* Begin PBXBuildFile section */
		2215E9CB20955A6300E42194 /* AppDelegate.m in Sources */ = {isa = PBXBuildFile; fileRef = 2215E9CA20955A6300E42194 /* AppDelegate.m */; };
		2215E9CE20955A6300E42194 /* ViewController.m in Sources */ = {isa = PBXBuildFile; fileRef = 2215E9CD20955A6300E42194 /* ViewController.m */; };
		2215E9D120955A6300E42194 /* Main.storyboard in Resources */ = {isa = PBXBuildFile; fileRef = 2215E9CF20955A6300E42194 /* Main.storyboard */; };
		2215E9D320955A6C00E42194 /* Assets.xcassets in Resources */ = {isa = PBXBuildFile; fileRef = 2215E9D220955A6C00E42194 /* Assets.xcassets */; };
		2215E9D620955A6C00E42194 /* LaunchScreen.storyboard in Resources */ = {isa = PBXBuildFile; fileRef = 2215E9D420955A6C00E42194 /* LaunchScreen.storyboard */; };
		2215E9D920955A6C00E42194 /* main.m in Sources */ = {isa = PBXBuildFile; fileRef = 2215E9D820955A6C00E42194 /* main.m */; };
		2215E9E120955AC300E42194 /* InputStream.m in Sources */ = {isa = PBXBuildFile; fileRef = 2215E9E020955AC300E42194 /* InputStream.m */; };
		2215E9E420955AE600E42194 /* OutputStream.m in Sources */ = {isa = PBXBuildFile; fileRef = 2215E9E320955AE600E42194 /* OutputStream.m */; };
		2215E9E72095B73800E42194 /* SocketByteBuf.m in Sources */ = {isa = PBXBuildFile; fileRef = 2215E9E62095B73800E42194 /* SocketByteBuf.m */; };
		22B03924209ABB3800A8C9C3 /* SJSocketPacket.m in Sources */ = {isa = PBXBuildFile; fileRef = 22B03923209ABB3800A8C9C3 /* SJSocketPacket.m */; };
		22B1ECC92099AD4E00D614F1 /* SJSocketByteBuf.m in Sources */ = {isa = PBXBuildFile; fileRef = 22B1ECC82099AD4E00D614F1 /* SJSocketByteBuf.m */; };
/* End PBXBuildFile section */

/* Begin PBXFileReference section */
		2215E9C620955A6300E42194 /* DataStream.app */ = {isa = PBXFileReference; explicitFileType = wrapper.application; includeInIndex = 0; path = DataStream.app; sourceTree = BUILT_PRODUCTS_DIR; };
		2215E9C920955A6300E42194 /* AppDelegate.h */ = {isa = PBXFileReference; lastKnownFileType = sourcecode.c.h; path = AppDelegate.h; sourceTree = "<group>"; };
		2215E9CA20955A6300E42194 /* AppDelegate.m */ = {isa = PBXFileReference; lastKnownFileType = sourcecode.c.objc; path = AppDelegate.m; sourceTree = "<group>"; };
		2215E9CC20955A6300E42194 /* ViewController.h */ = {isa = PBXFileReference; lastKnownFileType = sourcecode.c.h; path = ViewController.h; sourceTree = "<group>"; };
		2215E9CD20955A6300E42194 /* ViewController.m */ = {isa = PBXFileReference; lastKnownFileType = sourcecode.c.objc; path = ViewController.m; sourceTree = "<group>"; };
		2215E9D020955A6300E42194 /* Base */ = {isa = PBXFileReference; lastKnownFileType = file.storyboard; name = Base; path = Base.lproj/Main.storyboard; sourceTree = "<group>"; };
		2215E9D220955A6C00E42194 /* Assets.xcassets */ = {isa = PBXFileReference; lastKnownFileType = folder.assetcatalog; path = Assets.xcassets; sourceTree = "<group>"; };
		2215E9D520955A6C00E42194 /* Base */ = {isa = PBXFileReference; lastKnownFileType = file.storyboard; name = Base; path = Base.lproj/LaunchScreen.storyboard; sourceTree = "<group>"; };
		2215E9D720955A6C00E42194 /* Info.plist */ = {isa = PBXFileReference; lastKnownFileType = text.plist.xml; path = Info.plist; sourceTree = "<group>"; };
		2215E9D820955A6C00E42194 /* main.m */ = {isa = PBXFileReference; lastKnownFileType = sourcecode.c.objc; path = main.m; sourceTree = "<group>"; };
		2215E9DF20955AC300E42194 /* InputStream.h */ = {isa = PBXFileReference; lastKnownFileType = sourcecode.c.h; path = InputStream.h; sourceTree = "<group>"; };
		2215E9E020955AC300E42194 /* InputStream.m */ = {isa = PBXFileReference; lastKnownFileType = sourcecode.c.objc; path = InputStream.m; sourceTree = "<group>"; };
		2215E9E220955AE600E42194 /* OutputStream.h */ = {isa = PBXFileReference; lastKnownFileType = sourcecode.c.h; path = OutputStream.h; sourceTree = "<group>"; };
		2215E9E320955AE600E42194 /* OutputStream.m */ = {isa = PBXFileReference; lastKnownFileType = sourcecode.c.objc; path = OutputStream.m; sourceTree = "<group>"; };
		2215E9E52095B73800E42194 /* SocketByteBuf.h */ = {isa = PBXFileReference; lastKnownFileType = sourcecode.c.h; path = SocketByteBuf.h; sourceTree = "<group>"; };
		2215E9E62095B73800E42194 /* SocketByteBuf.m */ = {isa = PBXFileReference; lastKnownFileType = sourcecode.c.objc; path = SocketByteBuf.m; sourceTree = "<group>"; };
		22B03922209ABB3800A8C9C3 /* SJSocketPacket.h */ = {isa = PBXFileReference; lastKnownFileType = sourcecode.c.h; path = SJSocketPacket.h; sourceTree = "<group>"; };
		22B03923209ABB3800A8C9C3 /* SJSocketPacket.m */ = {isa = PBXFileReference; lastKnownFileType = sourcecode.c.objc; path = SJSocketPacket.m; sourceTree = "<group>"; };
		22B03925209ABDCE00A8C9C3 /* SJSocketPacketType.h */ = {isa = PBXFileReference; lastKnownFileType = sourcecode.c.h; path = SJSocketPacketType.h; sourceTree = "<group>"; };
		22B1ECC72099AD4E00D614F1 /* SJSocketByteBuf.h */ = {isa = PBXFileReference; lastKnownFileType = sourcecode.c.h; path = SJSocketByteBuf.h; sourceTree = "<group>"; };
		22B1ECC82099AD4E00D614F1 /* SJSocketByteBuf.m */ = {isa = PBXFileReference; lastKnownFileType = sourcecode.c.objc; path = SJSocketByteBuf.m; sourceTree = "<group>"; };
/* End PBXFileReference section */

/* Begin PBXFrameworksBuildPhase section */
		2215E9C320955A6300E42194 /* Frameworks */ = {
			isa = PBXFrameworksBuildPhase;
			buildActionMask = 2147483647;
			files = (
			);
			runOnlyForDeploymentPostprocessing = 0;
		};
/* End PBXFrameworksBuildPhase section */

/* Begin PBXGroup section */
		2215E9BD20955A6300E42194 = {
			isa = PBXGroup;
			children = (
				2215E9C820955A6300E42194 /* DataStream */,
				2215E9C720955A6300E42194 /* Products */,
			);
			sourceTree = "<group>";
		};
		2215E9C720955A6300E42194 /* Products */ = {
			isa = PBXGroup;
			children = (
				2215E9C620955A6300E42194 /* DataStream.app */,
			);
			name = Products;
			sourceTree = "<group>";
		};
		2215E9C820955A6300E42194 /* DataStream */ = {
			isa = PBXGroup;
			children = (
				2215E9C920955A6300E42194 /* AppDelegate.h */,
				2215E9CA20955A6300E42194 /* AppDelegate.m */,
				2215E9CC20955A6300E42194 /* ViewController.h */,
				2215E9CD20955A6300E42194 /* ViewController.m */,
				2215E9DF20955AC300E42194 /* InputStream.h */,
				2215E9E020955AC300E42194 /* InputStream.m */,
				2215E9E220955AE600E42194 /* OutputStream.h */,
				2215E9E320955AE600E42194 /* OutputStream.m */,
				2215E9E52095B73800E42194 /* SocketByteBuf.h */,
				2215E9E62095B73800E42194 /* SocketByteBuf.m */,
				22B1ECC72099AD4E00D614F1 /* SJSocketByteBuf.h */,
				22B1ECC82099AD4E00D614F1 /* SJSocketByteBuf.m */,
				22B03922209ABB3800A8C9C3 /* SJSocketPacket.h */,
				22B03923209ABB3800A8C9C3 /* SJSocketPacket.m */,
				22B03925209ABDCE00A8C9C3 /* SJSocketPacketType.h */,
				2215E9CF20955A6300E42194 /* Main.storyboard */,
				2215E9D220955A6C00E42194 /* Assets.xcassets */,
				2215E9D420955A6C00E42194 /* LaunchScreen.storyboard */,
				2215E9D720955A6C00E42194 /* Info.plist */,
				2215E9D820955A6C00E42194 /* main.m */,
			);
			path = DataStream;
			sourceTree = "<group>";
		};
/* End PBXGroup section */

/* Begin PBXNativeTarget section */
		2215E9C520955A6300E42194 /* DataStream */ = {
			isa = PBXNativeTarget;
			buildConfigurationList = 2215E9DC20955A6C00E42194 /* Build configuration list for PBXNativeTarget "DataStream" */;
			buildPhases = (
				2215E9C220955A6300E42194 /* Sources */,
				2215E9C320955A6300E42194 /* Frameworks */,
				2215E9C420955A6300E42194 /* Resources */,
			);
			buildRules = (
			);
			dependencies = (
			);
			name = DataStream;
			productName = DataStream;
			productReference = 2215E9C620955A6300E42194 /* DataStream.app */;
			productType = "com.apple.product-type.application";
		};
/* End PBXNativeTarget section */

/* Begin PBXProject section */
		2215E9BE20955A6300E42194 /* Project object */ = {
			isa = PBXProject;
			attributes = {
				LastUpgradeCheck = 0930;
				ORGANIZATIONNAME = zhang;
				TargetAttributes = {
					2215E9C520955A6300E42194 = {
						CreatedOnToolsVersion = 9.3;
					};
				};
			};
			buildConfigurationList = 2215E9C120955A6300E42194 /* Build configuration list for PBXProject "DataStream" */;
			compatibilityVersion = "Xcode 9.3";
			developmentRegion = en;
			hasScannedForEncodings = 0;
			knownRegions = (
				en,
				Base,
			);
			mainGroup = 2215E9BD20955A6300E42194;
			productRefGroup = 2215E9C720955A6300E42194 /* Products */;
			projectDirPath = "";
			projectRoot = "";
			targets = (
				2215E9C520955A6300E42194 /* DataStream */,
			);
		};
/* End PBXProject section */

/* Begin PBXResourcesBuildPhase section */
		2215E9C420955A6300E42194 /* Resources */ = {
			isa = PBXResourcesBuildPhase;
			buildActionMask = 2147483647;
			files = (
				2215E9D620955A6C00E42194 /* LaunchScreen.storyboard in Resources */,
				2215E9D320955A6C00E42194 /* Assets.xcassets in Resources */,
				2215E9D120955A6300E42194 /* Main.storyboard in Resources */,
			);
			runOnlyForDeploymentPostprocessing = 0;
		};
/* End PBXResourcesBuildPhase section */

/* Begin PBXSourcesBuildPhase section */
		2215E9C220955A6300E42194 /* Sources */ = {
			isa = PBXSourcesBuildPhase;
			buildActionMask = 2147483647;
			files = (
				2215E9E72095B73800E42194 /* SocketByteBuf.m in Sources */,
				22B03924209ABB3800A8C9C3 /* SJSocketPacket.m in Sources */,
				2215E9E120955AC300E42194 /* InputStream.m in Sources */,
				22B1ECC92099AD4E00D614F1 /* SJSocketByteBuf.m in Sources */,
				2215E9CE20955A6300E42194 /* ViewController.m in Sources */,
				2215E9D920955A6C00E42194 /* main.m in Sources */,
				2215E9CB20955A6300E42194 /* AppDelegate.m in Sources */,
				2215E9E420955AE600E42194 /* OutputStream.m in Sources */,
			);
			runOnlyForDeploymentPostprocessing = 0;
		};
/* End PBXSourcesBuildPhase section */

/* Begin PBXVariantGroup section */
		2215E9CF20955A6300E42194 /* Main.storyboard */ = {
			isa = PBXVariantGroup;
			children = (
				2215E9D020955A6300E42194 /* Base */,
			);
			name = Main.storyboard;
			sourceTree = "<group>";
		};
		2215E9D420955A6C00E42194 /* LaunchScreen.storyboard */ = {
			isa = PBXVariantGroup;
			children = (
				2215E9D520955A6C00E42194 /* Base */,
			);
			name = LaunchScreen.storyboard;
			sourceTree = "<group>";
		};
/* End PBXVariantGroup section */

/* Begin XCBuildConfiguration section */
		2215E9DA20955A6C00E42194 /* Debug */ = {
			isa = XCBuildConfiguration;
			buildSettings = {
				ALWAYS_SEARCH_USER_PATHS = NO;
				CLANG_ANALYZER_NONNULL = YES;
				CLANG_ANALYZER_NUMBER_OBJECT_CONVERSION = YES_AGGRESSIVE;
				CLANG_CXX_LANGUAGE_STANDARD = "gnu++14";
				CLANG_CXX_LIBRARY = "libc++";
				CLANG_ENABLE_MODULES = YES;
				CLANG_ENABLE_OBJC_ARC = YES;
				CLANG_ENABLE_OBJC_WEAK = YES;
				CLANG_WARN_BLOCK_CAPTURE_AUTORELEASING = YES;
				CLANG_WARN_BOOL_CONVERSION = YES;
				CLANG_WARN_COMMA = YES;
				CLANG_WARN_CONSTANT_CONVERSION = YES;
				CLANG_WARN_DEPRECATED_OBJC_IMPLEMENTATIONS = YES;
				CLANG_WARN_DIRECT_OBJC_ISA_USAGE = YES_ERROR;
				CLANG_WARN_DOCUMENTATION_COMMENTS = YES;
				CLANG_WARN_EMPTY_BODY = YES;
				CLANG_WARN_ENUM_CONVERSION = YES;
				CLANG_WARN_INFINITE_RECURSION = YES;
				CLANG_WARN_INT_CONVERSION = YES;
				CLANG_WARN_NON_LITERAL_NULL_CONVERSION = YES;
				CLANG_WARN_OBJC_IMPLICIT_RETAIN_SELF = YES;
				CLANG_WARN_OBJC_LITERAL_CONVERSION = YES;
				CLANG_WARN_OBJC_ROOT_CLASS = YES_ERROR;
				CLANG_WARN_RANGE_LOOP_ANALYSIS = YES;
				CLANG_WARN_STRICT_PROTOTYPES = YES;
				CLANG_WARN_SUSPICIOUS_MOVE = YES;
				CLANG_WARN_UNGUARDED_AVAILABILITY = YES_AGGRESSIVE;
				CLANG_WARN_UNREACHABLE_CODE = YES;
				CLANG_WARN__DUPLICATE_METHOD_MATCH = YES;
				CODE_SIGN_IDENTITY = "iPhone Developer";
				COPY_PHASE_STRIP = NO;
				DEBUG_INFORMATION_FORMAT = dwarf;
				ENABLE_STRICT_OBJC_MSGSEND = YES;
				ENABLE_TESTABILITY = YES;
				GCC_C_LANGUAGE_STANDARD = gnu11;
				GCC_DYNAMIC_NO_PIC = NO;
				GCC_NO_COMMON_BLOCKS = YES;
				GCC_OPTIMIZATION_LEVEL = 0;
				GCC_PREPROCESSOR_DEFINITIONS = (
					"DEBUG=1",
					"$(inherited)",
				);
				GCC_WARN_64_TO_32_BIT_CONVERSION = YES;
				GCC_WARN_ABOUT_RETURN_TYPE = YES_ERROR;
				GCC_WARN_UNDECLARED_SELECTOR = YES;
				GCC_WARN_UNINITIALIZED_AUTOS = YES_AGGRESSIVE;
				GCC_WARN_UNUSED_FUNCTION = YES;
				GCC_WARN_UNUSED_VARIABLE = YES;
				IPHONEOS_DEPLOYMENT_TARGET = 11.3;
				MTL_ENABLE_DEBUG_INFO = YES;
				ONLY_ACTIVE_ARCH = YES;
				SDKROOT = iphoneos;
			};
			name = Debug;
		};
		2215E9DB20955A6C00E42194 /* Release */ = {
			isa = XCBuildConfiguration;
			buildSettings = {
				ALWAYS_SEARCH_USER_PATHS = NO;
				CLANG_ANALYZER_NONNULL = YES;
				CLANG_ANALYZER_NUMBER_OBJECT_CONVERSION = YES_AGGRESSIVE;
				CLANG_CXX_LANGUAGE_STANDARD = "gnu++14";
				CLANG_CXX_LIBRARY = "libc++";
				CLANG_ENABLE_MODULES = YES;
				CLANG_ENABLE_OBJC_ARC = YES;
				CLANG_ENABLE_OBJC_WEAK = YES;
				CLANG_WARN_BLOCK_CAPTURE_AUTORELEASING = YES;
				CLANG_WARN_BOOL_CONVERSION = YES;
				CLANG_WARN_COMMA = YES;
				CLANG_WARN_CONSTANT_CONVERSION = YES;
				CLANG_WARN_DEPRECATED_OBJC_IMPLEMENTATIONS = YES;
				CLANG_WARN_DIRECT_OBJC_ISA_USAGE = YES_ERROR;
				CLANG_WARN_DOCUMENTATION_COMMENTS = YES;
				CLANG_WARN_EMPTY_BODY = YES;
				CLANG_WARN_ENUM_CONVERSION = YES;
				CLANG_WARN_INFINITE_RECURSION = YES;
				CLANG_WARN_INT_CONVERSION = YES;
				CLANG_WARN_NON_LITERAL_NULL_CONVERSION = YES;
				CLANG_WARN_OBJC_IMPLICIT_RETAIN_SELF = YES;
				CLANG_WARN_OBJC_LITERAL_CONVERSION = YES;
				CLANG_WARN_OBJC_ROOT_CLASS = YES_ERROR;
				CLANG_WARN_RANGE_LOOP_ANALYSIS = YES;
				CLANG_WARN_STRICT_PROTOTYPES = YES;
				CLANG_WARN_SUSPICIOUS_MOVE = YES;
				CLANG_WARN_UNGUARDED_AVAILABILITY = YES_AGGRESSIVE;
				CLANG_WARN_UNREACHABLE_CODE = YES;
				CLANG_WARN__DUPLICATE_METHOD_MATCH = YES;
				CODE_SIGN_IDENTITY = "iPhone Developer";
				COPY_PHASE_STRIP = NO;
				DEBUG_INFORMATION_FORMAT = "dwarf-with-dsym";
				ENABLE_NS_ASSERTIONS = NO;
				ENABLE_STRICT_OBJC_MSGSEND = YES;
				GCC_C_LANGUAGE_STANDARD = gnu11;
				GCC_NO_COMMON_BLOCKS = YES;
				GCC_WARN_64_TO_32_BIT_CONVERSION = YES;
				GCC_WARN_ABOUT_RETURN_TYPE = YES_ERROR;
				GCC_WARN_UNDECLARED_SELECTOR = YES;
				GCC_WARN_UNINITIALIZED_AUTOS = YES_AGGRESSIVE;
				GCC_WARN_UNUSED_FUNCTION = YES;
				GCC_WARN_UNUSED_VARIABLE = YES;
				IPHONEOS_DEPLOYMENT_TARGET = 11.3;
				MTL_ENABLE_DEBUG_INFO = NO;
				SDKROOT = iphoneos;
				VALIDATE_PRODUCT = YES;
			};
			name = Release;
		};
		2215E9DD20955A6C00E42194 /* Debug */ = {
			isa = XCBuildConfiguration;
			buildSettings = {
				ASSETCATALOG_COMPILER_APPICON_NAME = AppIcon;
				CODE_SIGN_STYLE = Manual;
				DEVELOPMENT_TEAM = "";
				INFOPLIST_FILE = DataStream/Info.plist;
				LD_RUNPATH_SEARCH_PATHS = (
					"$(inherited)",
					"@executable_path/Frameworks",
				);
				PRODUCT_BUNDLE_IDENTIFIER = com.zhang.DataStream;
				PRODUCT_NAME = "$(TARGET_NAME)";
				PROVISIONING_PROFILE_SPECIFIER = "";
				TARGETED_DEVICE_FAMILY = "1,2";
			};
			name = Debug;
		};
		2215E9DE20955A6C00E42194 /* Release */ = {
			isa = XCBuildConfiguration;
			buildSettings = {
				ASSETCATALOG_COMPILER_APPICON_NAME = AppIcon;
				CODE_SIGN_STYLE = Manual;
				DEVELOPMENT_TEAM = "";
				INFOPLIST_FILE = DataStream/Info.plist;
				LD_RUNPATH_SEARCH_PATHS = (
					"$(inherited)",
					"@executable_path/Frameworks",
				);
				PRODUCT_BUNDLE_IDENTIFIER = com.zhang.DataStream;
				PRODUCT_NAME = "$(TARGET_NAME)";
				PROVISIONING_PROFILE_SPECIFIER = "";
				TARGETED_DEVICE_FAMILY = "1,2";
			};
			name = Release;
		};
/* End XCBuildConfiguration section */

/* Begin XCConfigurationList section */
		2215E9C120955A6300E42194 /* Build configuration list for PBXProject "DataStream" */ = {
			isa = XCConfigurationList;
			buildConfigurations = (
				2215E9DA20955A6C00E42194 /* Debug */,
				2215E9DB20955A6C00E42194 /* Release */,
			);
			defaultConfigurationIsVisible = 0;
			defaultConfigurationName = Release;
		};
		2215E9DC20955A6C00E42194 /* Build configuration list for PBXNativeTarget "DataStream" */ = {
			isa = XCConfigurationList;
			buildConfigurations = (
				2215E9DD20955A6C00E42194 /* Debug */,
				2215E9DE20955A6C00E42194 /* Release */,
			);
			defaultConfigurationIsVisible = 0;
			defaultConfigurationName = Release;
		};
/* End XCConfigurationList section */
	};
	rootObject = 2215E9BE20955A6300E42194 /* Project object */;
}
